
Microsoft Visual Studio Solution File, Format Version 12.00
# Visual Studio 15
VisualStudioVersion = 15.0.28010.2041
MinimumVisualStudioVersion = 10.0.40219.1
Project("{FAE04EC0-301F-11D3-BF4B-00C04F79EFBC}") = "NumericalAnalysis1", "NumericalAnalysis1\NumericalAnalysis1.csproj", "{F7CEA804-5845-43DC-9BC3-B8B8A4A26ACE}"
EndProject
Global
	GlobalSection(SolutionConfigurationPlatforms) = preSolution
		Debug|Any CPU = Debug|Any CPU
		Release|Any CPU = Release|Any CPU
	EndGlobalSection
	GlobalSection(ProjectConfigurationPlatforms) = postSolution
		{F7CEA804-5845-43DC-9BC3-B8B8A4A26ACE}.Debug|Any CPU.ActiveCfg = Debug|Any CPU
		{F7CEA804-5845-43DC-9BC3-B8B8A4A26ACE}.Debug|Any CPU.Build.0 = Debug|Any CPU
		{F7CEA804-5845-43DC-9BC3-B8B8A4A26ACE}.Release|Any CPU.ActiveCfg = Release|Any CPU
		{F7CEA804-5845-43DC-9BC3-B8B8A4A26ACE}.Release|Any CPU.Build.0 = Release|Any CPU
	EndGlobalSection
	GlobalSection(SolutionProperties) = preSolution
		HideSolutionNode = FALSE
	EndGlobalSection
	GlobalSection(ExtensibilityGlobals) = postSolution
		SolutionGuid = {F43CD188-163E-462E-9C28-36B9D5EBFCDB}
	EndGlobalSection
EndGlobal
